{
  "requires": true,
  "lockfileVersion": 1,
  "dependencies": {
    "dialog-polyfill": {
      "version": "0.4.10",
      "resolved": "https://registry.npmjs.org/dialog-polyfill/-/dialog-polyfill-0.4.10.tgz",
      "integrity": "sha512-j5yGMkP8T00UFgyO+78OxiN5vC5dzRQF3BEio+LhNvDbyfxWBsi3sfPArDm54VloaJwy2hm3erEiDWqHRC8rzw=="
    },
    "firebaseui": {
      "version": "3.6.0",
      "resolved": "https://registry.npmjs.org/firebaseui/-/firebaseui-3.6.0.tgz",
      "integrity": "sha512-q9MP5P2F+SIzBsz3EFdI7AJvsJLFDGZvk7K3XHS5GXX6hCDbO7PlR/avatbeDJH912inXNFGyLtxSXVCeOCt3w==",
      "requires": {
        "dialog-polyfill": "^0.4.7"
      }
    }
  }
}
